
Microsoft Visual Studio Solution File, Format Version 12.00
# Visual Studio Version 17
VisualStudioVersion = 17.8.34330.188
MinimumVisualStudioVersion = 10.0.40219.1
Project("{FAE04EC0-301F-11D3-BF4B-00C04F79EFBC}") = "RoyalLibrary.API", "RoyalLibrary.API.csproj", "{93E30BF2-2AFC-4E12-AED3-96402505CE0C}"
EndProject
Project("{FAE04EC0-301F-11D3-BF4B-00C04F79EFBC}") = "RoyalLibrary.WEB2", "..\RoyalLibrary.WEB2\RoyalLibrary.WEB2.csproj", "{0955F067-BD7A-4D1A-805B-57010576A072}"
EndProject
Global
	GlobalSection(SolutionConfigurationPlatforms) = preSolution
		Debug|Any CPU = Debug|Any CPU
		Release|Any CPU = Release|Any CPU
	EndGlobalSection
	GlobalSection(ProjectConfigurationPlatforms) = postSolution
		{93E30BF2-2AFC-4E12-AED3-96402505CE0C}.Debug|Any CPU.ActiveCfg = Debug|Any CPU
		{93E30BF2-2AFC-4E12-AED3-96402505CE0C}.Debug|Any CPU.Build.0 = Debug|Any CPU
		{93E30BF2-2AFC-4E12-AED3-96402505CE0C}.Release|Any CPU.ActiveCfg = Release|Any CPU
		{93E30BF2-2AFC-4E12-AED3-96402505CE0C}.Release|Any CPU.Build.0 = Release|Any CPU
		{0955F067-BD7A-4D1A-805B-57010576A072}.Debug|Any CPU.ActiveCfg = Debug|Any CPU
		{0955F067-BD7A-4D1A-805B-57010576A072}.Debug|Any CPU.Build.0 = Debug|Any CPU
		{0955F067-BD7A-4D1A-805B-57010576A072}.Release|Any CPU.ActiveCfg = Release|Any CPU
		{0955F067-BD7A-4D1A-805B-57010576A072}.Release|Any CPU.Build.0 = Release|Any CPU
	EndGlobalSection
	GlobalSection(SolutionProperties) = preSolution
		HideSolutionNode = FALSE
	EndGlobalSection
	GlobalSection(ExtensibilityGlobals) = postSolution
		SolutionGuid = {48E988A8-5788-4F9D-975F-44AC6B8906CB}
	EndGlobalSection
EndGlobal
